
Microsoft Visual Studio Solution File, Format Version 12.00
# Visual Studio Version 17
VisualStudioVersion = 17.5.33516.290
MinimumVisualStudioVersion = 10.0.40219.1
Project("{FAE04EC0-301F-11D3-BF4B-00C04F79EFBC}") = "ProcessTasksAsTheyFinish", "ProcessTasksAsTheyFinish\ProcessTasksAsTheyFinish.csproj", "{8942316A-CFB8-46D7-99FC-F673A3C448F5}"
EndProject
Global
	GlobalSection(SolutionConfigurationPlatforms) = preSolution
		Debug|Any CPU = Debug|Any CPU
		Release|Any CPU = Release|Any CPU
	EndGlobalSection
	GlobalSection(ProjectConfigurationPlatforms) = postSolution
		{8942316A-CFB8-46D7-99FC-F673A3C448F5}.Debug|Any CPU.ActiveCfg = Debug|Any CPU
		{8942316A-CFB8-46D7-99FC-F673A3C448F5}.Debug|Any CPU.Build.0 = Debug|Any CPU
		{8942316A-CFB8-46D7-99FC-F673A3C448F5}.Release|Any CPU.ActiveCfg = Release|Any CPU
		{8942316A-CFB8-46D7-99FC-F673A3C448F5}.Release|Any CPU.Build.0 = Release|Any CPU
	EndGlobalSection
	GlobalSection(SolutionProperties) = preSolution
		HideSolutionNode = FALSE
	EndGlobalSection
	GlobalSection(ExtensibilityGlobals) = postSolution
		SolutionGuid = {D31A2C79-902D-405E-8494-E23A5F7F35FB}
	EndGlobalSection
EndGlobal
