
Microsoft Visual Studio Solution File, Format Version 12.00
# Visual Studio Version 17
VisualStudioVersion = 17.5.33516.290
MinimumVisualStudioVersion = 10.0.40219.1
Project("{FAE04EC0-301F-11D3-BF4B-00C04F79EFBC}") = "LongestSequence", "LongestSequence\LongestSequence.csproj", "{CE03E60B-AD69-42F6-A22B-DAC241780231}"
EndProject
Global
	GlobalSection(SolutionConfigurationPlatforms) = preSolution
		Debug|Any CPU = Debug|Any CPU
		Release|Any CPU = Release|Any CPU
	EndGlobalSection
	GlobalSection(ProjectConfigurationPlatforms) = postSolution
		{CE03E60B-AD69-42F6-A22B-DAC241780231}.Debug|Any CPU.ActiveCfg = Debug|Any CPU
		{CE03E60B-AD69-42F6-A22B-DAC241780231}.Debug|Any CPU.Build.0 = Debug|Any CPU
		{CE03E60B-AD69-42F6-A22B-DAC241780231}.Release|Any CPU.ActiveCfg = Release|Any CPU
		{CE03E60B-AD69-42F6-A22B-DAC241780231}.Release|Any CPU.Build.0 = Release|Any CPU
	EndGlobalSection
	GlobalSection(SolutionProperties) = preSolution
		HideSolutionNode = FALSE
	EndGlobalSection
	GlobalSection(ExtensibilityGlobals) = postSolution
		SolutionGuid = {749FFF51-50B2-4A11-9DC6-538A527FD2A8}
	EndGlobalSection
EndGlobal
