
Microsoft Visual Studio Solution File, Format Version 12.00
# Visual Studio Version 17
VisualStudioVersion = 17.5.33516.290
MinimumVisualStudioVersion = 10.0.40219.1
Project("{FAE04EC0-301F-11D3-BF4B-00C04F79EFBC}") = "FindPrimes", "FindPrimes\FindPrimes.csproj", "{9CE58337-EC5D-4AF7-B861-D670C63B4DC8}"
EndProject
Global
	GlobalSection(SolutionConfigurationPlatforms) = preSolution
		Debug|Any CPU = Debug|Any CPU
		Release|Any CPU = Release|Any CPU
	EndGlobalSection
	GlobalSection(ProjectConfigurationPlatforms) = postSolution
		{9CE58337-EC5D-4AF7-B861-D670C63B4DC8}.Debug|Any CPU.ActiveCfg = Debug|Any CPU
		{9CE58337-EC5D-4AF7-B861-D670C63B4DC8}.Debug|Any CPU.Build.0 = Debug|Any CPU
		{9CE58337-EC5D-4AF7-B861-D670C63B4DC8}.Release|Any CPU.ActiveCfg = Release|Any CPU
		{9CE58337-EC5D-4AF7-B861-D670C63B4DC8}.Release|Any CPU.Build.0 = Release|Any CPU
	EndGlobalSection
	GlobalSection(SolutionProperties) = preSolution
		HideSolutionNode = FALSE
	EndGlobalSection
	GlobalSection(ExtensibilityGlobals) = postSolution
		SolutionGuid = {426A41C1-7A41-4B10-ABCC-3F52CCDA649A}
	EndGlobalSection
EndGlobal
