
Microsoft Visual Studio Solution File, Format Version 12.00
# Visual Studio Version 17
VisualStudioVersion = 17.5.33516.290
MinimumVisualStudioVersion = 10.0.40219.1
Project("{FAE04EC0-301F-11D3-BF4B-00C04F79EFBC}") = "AsyncPractice", "AsyncPractice\AsyncPractice.csproj", "{3EFB910B-0B77-4CA7-8087-EAC5D299EE50}"
EndProject
Global
	GlobalSection(SolutionConfigurationPlatforms) = preSolution
		Debug|Any CPU = Debug|Any CPU
		Release|Any CPU = Release|Any CPU
	EndGlobalSection
	GlobalSection(ProjectConfigurationPlatforms) = postSolution
		{3EFB910B-0B77-4CA7-8087-EAC5D299EE50}.Debug|Any CPU.ActiveCfg = Debug|Any CPU
		{3EFB910B-0B77-4CA7-8087-EAC5D299EE50}.Debug|Any CPU.Build.0 = Debug|Any CPU
		{3EFB910B-0B77-4CA7-8087-EAC5D299EE50}.Release|Any CPU.ActiveCfg = Release|Any CPU
		{3EFB910B-0B77-4CA7-8087-EAC5D299EE50}.Release|Any CPU.Build.0 = Release|Any CPU
	EndGlobalSection
	GlobalSection(SolutionProperties) = preSolution
		HideSolutionNode = FALSE
	EndGlobalSection
	GlobalSection(ExtensibilityGlobals) = postSolution
		SolutionGuid = {0BAF83C6-E69C-43AB-AFA3-CEF4FA16BB13}
	EndGlobalSection
EndGlobal
