
Microsoft Visual Studio Solution File, Format Version 12.00
# Visual Studio Version 17
VisualStudioVersion = 17.5.33516.290
MinimumVisualStudioVersion = 10.0.40219.1
Project("{FAE04EC0-301F-11D3-BF4B-00C04F79EFBC}") = "ReadAnArray", "ReadAnArray\ReadAnArray.csproj", "{7E6015FE-A7C6-4BC2-9624-5564A5464F55}"
EndProject
Global
	GlobalSection(SolutionConfigurationPlatforms) = preSolution
		Debug|Any CPU = Debug|Any CPU
		Release|Any CPU = Release|Any CPU
	EndGlobalSection
	GlobalSection(ProjectConfigurationPlatforms) = postSolution
		{7E6015FE-A7C6-4BC2-9624-5564A5464F55}.Debug|Any CPU.ActiveCfg = Debug|Any CPU
		{7E6015FE-A7C6-4BC2-9624-5564A5464F55}.Debug|Any CPU.Build.0 = Debug|Any CPU
		{7E6015FE-A7C6-4BC2-9624-5564A5464F55}.Release|Any CPU.ActiveCfg = Release|Any CPU
		{7E6015FE-A7C6-4BC2-9624-5564A5464F55}.Release|Any CPU.Build.0 = Release|Any CPU
	EndGlobalSection
	GlobalSection(SolutionProperties) = preSolution
		HideSolutionNode = FALSE
	EndGlobalSection
	GlobalSection(ExtensibilityGlobals) = postSolution
		SolutionGuid = {D58D06D8-93BD-4FA5-9C04-7ED5B0DC8719}
	EndGlobalSection
EndGlobal
