
Microsoft Visual Studio Solution File, Format Version 12.00
# Visual Studio Version 17
VisualStudioVersion = 17.5.33516.290
MinimumVisualStudioVersion = 10.0.40219.1
Project("{FAE04EC0-301F-11D3-BF4B-00C04F79EFBC}") = "FizzBuzz", "FizzBuzz\FizzBuzz.csproj", "{50EC74B3-6A06-4104-9BA9-3556C35C2A38}"
EndProject
Global
	GlobalSection(SolutionConfigurationPlatforms) = preSolution
		Debug|Any CPU = Debug|Any CPU
		Release|Any CPU = Release|Any CPU
	EndGlobalSection
	GlobalSection(ProjectConfigurationPlatforms) = postSolution
		{50EC74B3-6A06-4104-9BA9-3556C35C2A38}.Debug|Any CPU.ActiveCfg = Debug|Any CPU
		{50EC74B3-6A06-4104-9BA9-3556C35C2A38}.Debug|Any CPU.Build.0 = Debug|Any CPU
		{50EC74B3-6A06-4104-9BA9-3556C35C2A38}.Release|Any CPU.ActiveCfg = Release|Any CPU
		{50EC74B3-6A06-4104-9BA9-3556C35C2A38}.Release|Any CPU.Build.0 = Release|Any CPU
	EndGlobalSection
	GlobalSection(SolutionProperties) = preSolution
		HideSolutionNode = FALSE
	EndGlobalSection
	GlobalSection(ExtensibilityGlobals) = postSolution
		SolutionGuid = {D8FE2CBD-BCB6-44E3-A120-5FC3BEF56892}
	EndGlobalSection
EndGlobal
