
Microsoft Visual Studio Solution File, Format Version 12.00
# Visual Studio Version 17
VisualStudioVersion = 17.5.33516.290
MinimumVisualStudioVersion = 10.0.40219.1
Project("{FAE04EC0-301F-11D3-BF4B-00C04F79EFBC}") = "ColorAndBalls", "ColorAndBalls\ColorAndBalls.csproj", "{756019A3-3C00-4FB1-BDFE-EF6F7F6F2B53}"
EndProject
Global
	GlobalSection(SolutionConfigurationPlatforms) = preSolution
		Debug|Any CPU = Debug|Any CPU
		Release|Any CPU = Release|Any CPU
	EndGlobalSection
	GlobalSection(ProjectConfigurationPlatforms) = postSolution
		{756019A3-3C00-4FB1-BDFE-EF6F7F6F2B53}.Debug|Any CPU.ActiveCfg = Debug|Any CPU
		{756019A3-3C00-4FB1-BDFE-EF6F7F6F2B53}.Debug|Any CPU.Build.0 = Debug|Any CPU
		{756019A3-3C00-4FB1-BDFE-EF6F7F6F2B53}.Release|Any CPU.ActiveCfg = Release|Any CPU
		{756019A3-3C00-4FB1-BDFE-EF6F7F6F2B53}.Release|Any CPU.Build.0 = Release|Any CPU
	EndGlobalSection
	GlobalSection(SolutionProperties) = preSolution
		HideSolutionNode = FALSE
	EndGlobalSection
	GlobalSection(ExtensibilityGlobals) = postSolution
		SolutionGuid = {23DCE66B-A6B5-4D79-99B8-5FE9140C29BC}
	EndGlobalSection
EndGlobal
