
Microsoft Visual Studio Solution File, Format Version 12.00
# Visual Studio Version 17
VisualStudioVersion = 17.5.33516.290
MinimumVisualStudioVersion = 10.0.40219.1
Project("{FAE04EC0-301F-11D3-BF4B-00C04F79EFBC}") = "CenturiesConverter", "CenturiesConverter\CenturiesConverter.csproj", "{70F44686-E312-42F3-BC58-3AC00DAEFCF1}"
EndProject
Global
	GlobalSection(SolutionConfigurationPlatforms) = preSolution
		Debug|Any CPU = Debug|Any CPU
		Release|Any CPU = Release|Any CPU
	EndGlobalSection
	GlobalSection(ProjectConfigurationPlatforms) = postSolution
		{70F44686-E312-42F3-BC58-3AC00DAEFCF1}.Debug|Any CPU.ActiveCfg = Debug|Any CPU
		{70F44686-E312-42F3-BC58-3AC00DAEFCF1}.Debug|Any CPU.Build.0 = Debug|Any CPU
		{70F44686-E312-42F3-BC58-3AC00DAEFCF1}.Release|Any CPU.ActiveCfg = Release|Any CPU
		{70F44686-E312-42F3-BC58-3AC00DAEFCF1}.Release|Any CPU.Build.0 = Release|Any CPU
	EndGlobalSection
	GlobalSection(SolutionProperties) = preSolution
		HideSolutionNode = FALSE
	EndGlobalSection
	GlobalSection(ExtensibilityGlobals) = postSolution
		SolutionGuid = {CB8B9553-1825-456B-A1E9-254EFD165A46}
	EndGlobalSection
EndGlobal
