
Microsoft Visual Studio Solution File, Format Version 12.00
# Visual Studio Version 17
VisualStudioVersion = 17.5.33516.290
MinimumVisualStudioVersion = 10.0.40219.1
Project("{FAE04EC0-301F-11D3-BF4B-00C04F79EFBC}") = "Greeting", "Greeting\Greeting.csproj", "{7EDF1ED1-77BC-4AA5-8D75-C4980D573DBA}"
EndProject
Global
	GlobalSection(SolutionConfigurationPlatforms) = preSolution
		Debug|Any CPU = Debug|Any CPU
		Release|Any CPU = Release|Any CPU
	EndGlobalSection
	GlobalSection(ProjectConfigurationPlatforms) = postSolution
		{7EDF1ED1-77BC-4AA5-8D75-C4980D573DBA}.Debug|Any CPU.ActiveCfg = Debug|Any CPU
		{7EDF1ED1-77BC-4AA5-8D75-C4980D573DBA}.Debug|Any CPU.Build.0 = Debug|Any CPU
		{7EDF1ED1-77BC-4AA5-8D75-C4980D573DBA}.Release|Any CPU.ActiveCfg = Release|Any CPU
		{7EDF1ED1-77BC-4AA5-8D75-C4980D573DBA}.Release|Any CPU.Build.0 = Release|Any CPU
	EndGlobalSection
	GlobalSection(SolutionProperties) = preSolution
		HideSolutionNode = FALSE
	EndGlobalSection
	GlobalSection(ExtensibilityGlobals) = postSolution
		SolutionGuid = {BF9710A1-8E83-4D6C-A32D-2508D011963E}
	EndGlobalSection
EndGlobal
